{
  "name": "pdf-render-fixture-lifecycle-script",
  "version": "1.0.0",
  "lockfileVersion": 3,
  "requires": true,
  "packages": {
    "": {
      "name": "pdf-render-fixture-lifecycle-script",
      "version": "1.0.0",
      "dependencies": {
        "puppeteer-core": "25.10.0",
        "jsonwebtoken": "9.0.2"
      }
    },
    "node_modules/puppeteer-core": {
      "version": "25.10.0",
      "resolved": "https://example-registry.invalid/puppeteer-core/-/puppeteer-core-25.10.0.tgz",
      "integrity": "sha512-fixture0placeholder0integrity0value0not0real0000000000000000000000000000000000000005=="
    },
    "node_modules/jsonwebtoken": {
      "version": "9.0.2",
      "resolved": "https://example-registry.invalid/jsonwebtoken/-/jsonwebtoken-9.0.2.tgz",
      "integrity": "sha512-fixture0placeholder0integrity0value0not0real0000000000000000000000000000000000000006=="
    }
  }
}
